
Microsoft Visual Studio Solution File, Format Version 11.00
# Visual Studio 2010
Project("{FAE04EC0-301F-11D3-BF4B-00C04F79EFBC}") = "Assembly-CSharp", "Assembly-CSharp.csproj", "{003FF34E-AE02-E7D8-3E00-D4F2571B5121}"
EndProject
Global
	GlobalSection(SolutionConfigurationPlatforms) = preSolution
		Debug|Any CPU = Debug|Any CPU
		Release|Any CPU = Release|Any CPU
	EndGlobalSection
	GlobalSection(ProjectConfigurationPlatforms) = postSolution
		{003FF34E-AE02-E7D8-3E00-D4F2571B5121}.Debug|Any CPU.ActiveCfg = Debug|Any CPU
		{003FF34E-AE02-E7D8-3E00-D4F2571B5121}.Debug|Any CPU.Build.0 = Debug|Any CPU
		{003FF34E-AE02-E7D8-3E00-D4F2571B5121}.Release|Any CPU.ActiveCfg = Release|Any CPU
		{003FF34E-AE02-E7D8-3E00-D4F2571B5121}.Release|Any CPU.Build.0 = Release|Any CPU
	EndGlobalSection
	GlobalSection(SolutionProperties) = preSolution
		HideSolutionNode = FALSE
	EndGlobalSection
EndGlobal
